// !$*UTF8*$!
{
	archiveVersion = 1;
	classes = {
	};
	objectVersion = 46;
	objects = {

/* Begin PBXBuildFile section */
		F43EDEA61AE406E0003AB00A /* AppDelegate.swift in Sources */ = {isa = PBXBuildFile; fileRef = F43EDEA51AE406E0003AB00A /* AppDelegate.swift */; };
		F43EDEA81AE406E0003AB00A /* ViewController.swift in Sources */ = {isa = PBXBuildFile; fileRef = F43EDEA71AE406E0003AB00A /* ViewController.swift */; };
		F43EDEAB1AE406E0003AB00A /* Main.storyboard in Resources */ = {isa = PBXBuildFile; fileRef = F43EDEA91AE406E0003AB00A /* Main.storyboard */; };
		F43EDEAD1AE406E0003AB00A /* Images.xcassets in Resources */ = {isa = PBXBuildFile; fileRef = F43EDEAC1AE406E0003AB00A /* Images.xcassets */; };
		F43EDEB01AE406E0003AB00A /* LaunchScreen.xib in Resources */ = {isa = PBXBuildFile; fileRef = F43EDEAE1AE406E0003AB00A /* LaunchScreen.xib */; };
		F43EDEBC1AE406E0003AB00A /* PostcardTests.swift in Sources */ = {isa = PBXBuildFile; fileRef = F43EDEBB1AE406E0003AB00A /* PostcardTests.swift */; };
		F43EDEC61AE408CB003AB00A /* SagradaFamilia.jpeg in Resources */ = {isa = PBXBuildFile; fileRef = F43EDEC51AE408CB003AB00A /* SagradaFamilia.jpeg */; };
		F4ECEB331AE4408900216F2D /* AlbertEinsteinStamp.jpg in Resources */ = {isa = PBXBuildFile; fileRef = F4ECEB321AE4408900216F2D /* AlbertEinsteinStamp.jpg */; };
/* End PBXBuildFile section */

/* Begin PBXContainerItemProxy section */
		F43EDEB61AE406E0003AB00A /* PBXContainerItemProxy */ = {
			isa = PBXContainerItemProxy;
			containerPortal = F43EDE981AE406E0003AB00A /* Project object */;
			proxyType = 1;
			remoteGlobalIDString = F43EDE9F1AE406E0003AB00A;
			remoteInfo = Postcard;
		};
/* End PBXContainerItemProxy section */

/* Begin PBXFileReference section */
		F43EDEA01AE406E0003AB00A /* Postcard.app */ = {isa = PBXFileReference; explicitFileType = wrapper.application; includeInIndex = 0; path = Postcard.app; sourceTree = BUILT_PRODUCTS_DIR; };
		F43EDEA41AE406E0003AB00A /* Info.plist */ = {isa = PBXFileReference; lastKnownFileType = text.plist.xml; path = Info.plist; sourceTree = "<group>"; };
		F43EDEA51AE406E0003AB00A /* AppDelegate.swift */ = {isa = PBXFileReference; lastKnownFileType = sourcecode.swift; path = AppDelegate.swift; sourceTree = "<group>"; };
		F43EDEA71AE406E0003AB00A /* ViewController.swift */ = {isa = PBXFileReference; lastKnownFileType = sourcecode.swift; path = ViewController.swift; sourceTree = "<group>"; };
		F43EDEAA1AE406E0003AB00A /* Base */ = {isa = PBXFileReference; lastKnownFileType = file.storyboard; name = Base; path = Base.lproj/Main.storyboard; sourceTree = "<group>"; };
		F43EDEAC1AE406E0003AB00A /* Images.xcassets */ = {isa = PBXFileReference; lastKnownFileType = folder.assetcatalog; path = Images.xcassets; sourceTree = "<group>"; };
		F43EDEAF1AE406E0003AB00A /* Base */ = {isa = PBXFileReference; lastKnownFileType = file.xib; name = Base; path = Base.lproj/LaunchScreen.xib; sourceTree = "<group>"; };
		F43EDEB51AE406E0003AB00A /* PostcardTests.xctest */ = {isa = PBXFileReference; explicitFileType = wrapper.cfbundle; includeInIndex = 0; path = PostcardTests.xctest; sourceTree = BUILT_PRODUCTS_DIR; };
		F43EDEBA1AE406E0003AB00A /* Info.plist */ = {isa = PBXFileReference; lastKnownFileType = text.plist.xml; path = Info.plist; sourceTree = "<group>"; };
		F43EDEBB1AE406E0003AB00A /* PostcardTests.swift */ = {isa = PBXFileReference; lastKnownFileType = sourcecode.swift; path = PostcardTests.swift; sourceTree = "<group>"; };
		F43EDEC51AE408CB003AB00A /* SagradaFamilia.jpeg */ = {isa = PBXFileReference; lastKnownFileType = image.jpeg; path = SagradaFamilia.jpeg; sourceTree = "<group>"; };
		F4ECEB321AE4408900216F2D /* AlbertEinsteinStamp.jpg */ = {isa = PBXFileReference; lastKnownFileType = image.jpeg; path = AlbertEinsteinStamp.jpg; sourceTree = "<group>"; };
/* End PBXFileReference section */

/* Begin PBXFrameworksBuildPhase section */
		F43EDE9D1AE406E0003AB00A /* Frameworks */ = {
			isa = PBXFrameworksBuildPhase;
			buildActionMask = 2147483647;
			files = (
			);
			runOnlyForDeploymentPostprocessing = 0;
		};
		F43EDEB21AE406E0003AB00A /* Frameworks */ = {
			isa = PBXFrameworksBuildPhase;
			buildActionMask = 2147483647;
			files = (
			);
			runOnlyForDeploymentPostprocessing = 0;
		};
/* End PBXFrameworksBuildPhase section */

/* Begin PBXGroup section */
		F43EDE971AE406E0003AB00A = {
			isa = PBXGroup;
			children = (
				F43EDEA21AE406E0003AB00A /* Postcard */,
				F43EDEB81AE406E0003AB00A /* PostcardTests */,
				F43EDEA11AE406E0003AB00A /* Products */,
			);
			sourceTree = "<group>";
		};
		F43EDEA11AE406E0003AB00A /* Products */ = {
			isa = PBXGroup;
			children = (
				F43EDEA01AE406E0003AB00A /* Postcard.app */,
				F43EDEB51AE406E0003AB00A /* PostcardTests.xctest */,
			);
			name = Products;
			sourceTree = "<group>";
		};
		F43EDEA21AE406E0003AB00A /* Postcard */ = {
			isa = PBXGroup;
			children = (
				F43EDEA51AE406E0003AB00A /* AppDelegate.swift */,
				F43EDEA71AE406E0003AB00A /* ViewController.swift */,
				F43EDEA91AE406E0003AB00A /* Main.storyboard */,
				F43EDEAC1AE406E0003AB00A /* Images.xcassets */,
				F43EDEAE1AE406E0003AB00A /* LaunchScreen.xib */,
				F43EDEA31AE406E0003AB00A /* Supporting Files */,
			);
			path = Postcard;
			sourceTree = "<group>";
		};
		F43EDEA31AE406E0003AB00A /* Supporting Files */ = {
			isa = PBXGroup;
			children = (
				F4ECEB321AE4408900216F2D /* AlbertEinsteinStamp.jpg */,
				F43EDEC51AE408CB003AB00A /* SagradaFamilia.jpeg */,
				F43EDEA41AE406E0003AB00A /* Info.plist */,
			);
			name = "Supporting Files";
			sourceTree = "<group>";
		};
		F43EDEB81AE406E0003AB00A /* PostcardTests */ = {
			isa = PBXGroup;
			children = (
				F43EDEBB1AE406E0003AB00A /* PostcardTests.swift */,
				F43EDEB91AE406E0003AB00A /* Supporting Files */,
			);
			path = PostcardTests;
			sourceTree = "<group>";
		};
		F43EDEB91AE406E0003AB00A /* Supporting Files */ = {
			isa = PBXGroup;
			children = (
				F43EDEBA1AE406E0003AB00A /* Info.plist */,
			);
			name = "Supporting Files";
			sourceTree = "<group>";
		};
/* End PBXGroup section */

/* Begin PBXNativeTarget section */
		F43EDE9F1AE406E0003AB00A /* Postcard */ = {
			isa = PBXNativeTarget;
			buildConfigurationList = F43EDEBF1AE406E0003AB00A /* Build configuration list for PBXNativeTarget "Postcard" */;
			buildPhases = (
				F43EDE9C1AE406E0003AB00A /* Sources */,
				F43EDE9D1AE406E0003AB00A /* Frameworks */,
				F43EDE9E1AE406E0003AB00A /* Resources */,
			);
			buildRules = (
			);
			dependencies = (
			);
			name = Postcard;
			productName = Postcard;
			productReference = F43EDEA01AE406E0003AB00A /* Postcard.app */;
			productType = "com.apple.product-type.application";
		};
		F43EDEB41AE406E0003AB00A /* PostcardTests */ = {
			isa = PBXNativeTarget;
			buildConfigurationList = F43EDEC21AE406E0003AB00A /* Build configuration list for PBXNativeTarget "PostcardTests" */;
			buildPhases = (
				F43EDEB11AE406E0003AB00A /* Sources */,
				F43EDEB21AE406E0003AB00A /* Frameworks */,
				F43EDEB31AE406E0003AB00A /* Resources */,
			);
			buildRules = (
			);
			dependencies = (
				F43EDEB71AE406E0003AB00A /* PBXTargetDependency */,
			);
			name = PostcardTests;
			productName = PostcardTests;
			productReference = F43EDEB51AE406E0003AB00A /* PostcardTests.xctest */;
			productType = "com.apple.product-type.bundle.unit-test";
		};
/* End PBXNativeTarget section */

/* Begin PBXProject section */
		F43EDE981AE406E0003AB00A /* Project object */ = {
			isa = PBXProject;
			attributes = {
				LastUpgradeCheck = 0630;
				ORGANIZATIONNAME = "Frank Palicke";
				TargetAttributes = {
					F43EDE9F1AE406E0003AB00A = {
						CreatedOnToolsVersion = 6.3;
					};
					F43EDEB41AE406E0003AB00A = {
						CreatedOnToolsVersion = 6.3;
						TestTargetID = F43EDE9F1AE406E0003AB00A;
					};
				};
			};
			buildConfigurationList = F43EDE9B1AE406E0003AB00A /* Build configuration list for PBXProject "Postcard" */;
			compatibilityVersion = "Xcode 3.2";
			developmentRegion = English;
			hasScannedForEncodings = 0;
			knownRegions = (
				en,
				Base,
			);
			mainGroup = F43EDE971AE406E0003AB00A;
			productRefGroup = F43EDEA11AE406E0003AB00A /* Products */;
			projectDirPath = "";
			projectRoot = "";
			targets = (
				F43EDE9F1AE406E0003AB00A /* Postcard */,
				F43EDEB41AE406E0003AB00A /* PostcardTests */,
			);
		};
/* End PBXProject section */

/* Begin PBXResourcesBuildPhase section */
		F43EDE9E1AE406E0003AB00A /* Resources */ = {
			isa = PBXResourcesBuildPhase;
			buildActionMask = 2147483647;
			files = (
				F43EDEAB1AE406E0003AB00A /* Main.storyboard in Resources */,
				F43EDEC61AE408CB003AB00A /* SagradaFamilia.jpeg in Resources */,
				F4ECEB331AE4408900216F2D /* AlbertEinsteinStamp.jpg in Resources */,
				F43EDEB01AE406E0003AB00A /* LaunchScreen.xib in Resources */,
				F43EDEAD1AE406E0003AB00A /* Images.xcassets in Resources */,
			);
			runOnlyForDeploymentPostprocessing = 0;
		};
		F43EDEB31AE406E0003AB00A /* Resources */ = {
			isa = PBXResourcesBuildPhase;
			buildActionMask = 2147483647;
			files = (
			);
			runOnlyForDeploymentPostprocessing = 0;
		};
/* End PBXResourcesBuildPhase section */

/* Begin PBXSourcesBuildPhase section */
		F43EDE9C1AE406E0003AB00A /* Sources */ = {
			isa = PBXSourcesBuildPhase;
			buildActionMask = 2147483647;
			files = (
				F43EDEA81AE406E0003AB00A /* ViewController.swift in Sources */,
				F43EDEA61AE406E0003AB00A /* AppDelegate.swift in Sources */,
			);
			runOnlyForDeploymentPostprocessing = 0;
		};
		F43EDEB11AE406E0003AB00A /* Sources */ = {
			isa = PBXSourcesBuildPhase;
			buildActionMask = 2147483647;
			files = (
				F43EDEBC1AE406E0003AB00A /* PostcardTests.swift in Sources */,
			);
			runOnlyForDeploymentPostprocessing = 0;
		};
/* End PBXSourcesBuildPhase section */

/* Begin PBXTargetDependency section */
		F43EDEB71AE406E0003AB00A /* PBXTargetDependency */ = {
			isa = PBXTargetDependency;
			target = F43EDE9F1AE406E0003AB00A /* Postcard */;
			targetProxy = F43EDEB61AE406E0003AB00A /* PBXContainerItemProxy */;
		};
/* End PBXTargetDependency section */

/* Begin PBXVariantGroup section */
		F43EDEA91AE406E0003AB00A /* Main.storyboard */ = {
			isa = PBXVariantGroup;
			children = (
				F43EDEAA1AE406E0003AB00A /* Base */,
			);
			name = Main.storyboard;
			sourceTree = "<group>";
		};
		F43EDEAE1AE406E0003AB00A /* LaunchScreen.xib */ = {
			isa = PBXVariantGroup;
			children = (
				F43EDEAF1AE406E0003AB00A /* Base */,
			);
			name = LaunchScreen.xib;
			sourceTree = "<group>";
		};
/* End PBXVariantGroup section */

/* Begin XCBuildConfiguration section */
		F43EDEBD1AE406E0003AB00A /* Debug */ = {
			isa = XCBuildConfiguration;
			buildSettings = {
				ALWAYS_SEARCH_USER_PATHS = NO;
				CLANG_CXX_LANGUAGE_STANDARD = "gnu++0x";
				CLANG_CXX_LIBRARY = "libc++";
				CLANG_ENABLE_MODULES = YES;
				CLANG_ENABLE_OBJC_ARC = YES;
				CLANG_WARN_BOOL_CONVERSION = YES;
				CLANG_WARN_CONSTANT_CONVERSION = YES;
				CLANG_WARN_DIRECT_OBJC_ISA_USAGE = YES_ERROR;
				CLANG_WARN_EMPTY_BODY = YES;
				CLANG_WARN_ENUM_CONVERSION = YES;
				CLANG_WARN_INT_CONVERSION = YES;
				CLANG_WARN_OBJC_ROOT_CLASS = YES_ERROR;
				CLANG_WARN_UNREACHABLE_CODE = YES;
				CLANG_WARN__DUPLICATE_METHOD_MATCH = YES;
				"CODE_SIGN_IDENTITY[sdk=iphoneos*]" = "iPhone Developer";
				COPY_PHASE_STRIP = NO;
				DEBUG_INFORMATION_FORMAT = "dwarf-with-dsym";
				ENABLE_STRICT_OBJC_MSGSEND = YES;
				GCC_C_LANGUAGE_STANDARD = gnu99;
				GCC_DYNAMIC_NO_PIC = NO;
				GCC_NO_COMMON_BLOCKS = YES;
				GCC_OPTIMIZATION_LEVEL = 0;
				GCC_PREPROCESSOR_DEFINITIONS = (
					"DEBUG=1",
					"$(inherited)",
				);
				GCC_SYMBOLS_PRIVATE_EXTERN = NO;
				GCC_WARN_64_TO_32_BIT_CONVERSION = YES;
				GCC_WARN_ABOUT_RETURN_TYPE = YES_ERROR;
				GCC_WARN_UNDECLARED_SELECTOR = YES;
				GCC_WARN_UNINITIALIZED_AUTOS = YES_AGGRESSIVE;
				GCC_WARN_UNUSED_FUNCTION = YES;
				GCC_WARN_UNUSED_VARIABLE = YES;
				IPHONEOS_DEPLOYMENT_TARGET = 8.3;
				MTL_ENABLE_DEBUG_INFO = YES;
				ONLY_ACTIVE_ARCH = YES;
				SDKROOT = iphoneos;
				SWIFT_OPTIMIZATION_LEVEL = "-Onone";
				TARGETED_DEVICE_FAMILY = "1,2";
			};
			name = Debug;
		};
		F43EDEBE1AE406E0003AB00A /* Release */ = {
			isa = XCBuildConfiguration;
			buildSettings = {
				ALWAYS_SEARCH_USER_PATHS = NO;
				CLANG_CXX_LANGUAGE_STANDARD = "gnu++0x";
				CLANG_CXX_LIBRARY = "libc++";
				CLANG_ENABLE_MODULES = YES;
				CLANG_ENABLE_OBJC_ARC = YES;
				CLANG_WARN_BOOL_CONVERSION = YES;
				CLANG_WARN_CONSTANT_CONVERSION = YES;
				CLANG_WARN_DIRECT_OBJC_ISA_USAGE = YES_ERROR;
				CLANG_WARN_EMPTY_BODY = YES;
				CLANG_WARN_ENUM_CONVERSION = YES;
				CLANG_WARN_INT_CONVERSION = YES;
				CLANG_WARN_OBJC_ROOT_CLASS = YES_ERROR;
				CLANG_WARN_UNREACHABLE_CODE = YES;
				CLANG_WARN__DUPLICATE_METHOD_MATCH = YES;
				"CODE_SIGN_IDENTITY[sdk=iphoneos*]" = "iPhone Developer";
				COPY_PHASE_STRIP = NO;
				DEBUG_INFORMATION_FORMAT = "dwarf-with-dsym";
				ENABLE_NS_ASSERTIONS = NO;
				ENABLE_STRICT_OBJC_MSGSEND = YES;
				GCC_C_LANGUAGE_STANDARD = gnu99;
				GCC_NO_COMMON_BLOCKS = YES;
				GCC_WARN_64_TO_32_BIT_CONVERSION = YES;
				GCC_WARN_ABOUT_RETURN_TYPE = YES_ERROR;
				GCC_WARN_UNDECLARED_SELECTOR = YES;
				GCC_WARN_UNINITIALIZED_AUTOS = YES_AGGRESSIVE;
				GCC_WARN_UNUSED_FUNCTION = YES;
				GCC_WARN_UNUSED_VARIABLE = YES;
				IPHONEOS_DEPLOYMENT_TARGET = 8.3;
				MTL_ENABLE_DEBUG_INFO = NO;
				SDKROOT = iphoneos;
				TARGETED_DEVICE_FAMILY = "1,2";
				VALIDATE_PRODUCT = YES;
			};
			name = Release;
		};
		F43EDEC01AE406E0003AB00A /* Debug */ = {
			isa = XCBuildConfiguration;
			buildSettings = {
				ASSETCATALOG_COMPILER_APPICON_NAME = AppIcon;
				INFOPLIST_FILE = Postcard/Info.plist;
				LD_RUNPATH_SEARCH_PATHS = "$(inherited) @executable_path/Frameworks";
				PRODUCT_NAME = "$(TARGET_NAME)";
			};
			name = Debug;
		};
		F43EDEC11AE406E0003AB00A /* Release */ = {
			isa = XCBuildConfiguration;
			buildSettings = {
				ASSETCATALOG_COMPILER_APPICON_NAME = AppIcon;
				INFOPLIST_FILE = Postcard/Info.plist;
				LD_RUNPATH_SEARCH_PATHS = "$(inherited) @executable_path/Frameworks";
				PRODUCT_NAME = "$(TARGET_NAME)";
			};
			name = Release;
		};
		F43EDEC31AE406E0003AB00A /* Debug */ = {
			isa = XCBuildConfiguration;
			buildSettings = {
				BUNDLE_LOADER = "$(TEST_HOST)";
				FRAMEWORK_SEARCH_PATHS = (
					"$(SDKROOT)/Developer/Library/Frameworks",
					"$(inherited)",
				);
				GCC_PREPROCESSOR_DEFINITIONS = (
					"DEBUG=1",
					"$(inherited)",
				);
				INFOPLIST_FILE = PostcardTests/Info.plist;
				LD_RUNPATH_SEARCH_PATHS = "$(inherited) @executable_path/Frameworks @loader_path/Frameworks";
				PRODUCT_NAME = "$(TARGET_NAME)";
				TEST_HOST = "$(BUILT_PRODUCTS_DIR)/Postcard.app/Postcard";
			};
			name = Debug;
		};
		F43EDEC41AE406E0003AB00A /* Release */ = {
			isa = XCBuildConfiguration;
			buildSettings = {
				BUNDLE_LOADER = "$(TEST_HOST)";
				FRAMEWORK_SEARCH_PATHS = (
					"$(SDKROOT)/Developer/Library/Frameworks",
					"$(inherited)",
				);
				INFOPLIST_FILE = PostcardTests/Info.plist;
				LD_RUNPATH_SEARCH_PATHS = "$(inherited) @executable_path/Frameworks @loader_path/Frameworks";
				PRODUCT_NAME = "$(TARGET_NAME)";
				TEST_HOST = "$(BUILT_PRODUCTS_DIR)/Postcard.app/Postcard";
			};
			name = Release;
		};
/* End XCBuildConfiguration section */

/* Begin XCConfigurationList section */
		F43EDE9B1AE406E0003AB00A /* Build configuration list for PBXProject "Postcard" */ = {
			isa = XCConfigurationList;
			buildConfigurations = (
				F43EDEBD1AE406E0003AB00A /* Debug */,
				F43EDEBE1AE406E0003AB00A /* Release */,
			);
			defaultConfigurationIsVisible = 0;
			defaultConfigurationName = Release;
		};
		F43EDEBF1AE406E0003AB00A /* Build configuration list for PBXNativeTarget "Postcard" */ = {
			isa = XCConfigurationList;
			buildConfigurations = (
				F43EDEC01AE406E0003AB00A /* Debug */,
				F43EDEC11AE406E0003AB00A /* Release */,
			);
			defaultConfigurationIsVisible = 0;
			defaultConfigurationName = Release;
		};
		F43EDEC21AE406E0003AB00A /* Build configuration list for PBXNativeTarget "PostcardTests" */ = {
			isa = XCConfigurationList;
			buildConfigurations = (
				F43EDEC31AE406E0003AB00A /* Debug */,
				F43EDEC41AE406E0003AB00A /* Release */,
			);
			defaultConfigurationIsVisible = 0;
			defaultConfigurationName = Release;
		};
/* End XCConfigurationList section */
	};
	rootObject = F43EDE981AE406E0003AB00A /* Project object */;
}
